
Microsoft Visual Studio Solution File, Format Version 12.00
# Visual Studio 2013
VisualStudioVersion = 12.0.30723.0
MinimumVisualStudioVersion = 10.0.40219.1
Project("{8BC9CEB8-8B4A-11D0-8D11-00A0C91BC942}") = "fmi_up", "fmi_up\fmi_up.vcxproj", "{686B5B30-4081-4633-9997-952B82B26A55}"
EndProject
Global
	GlobalSection(SolutionConfigurationPlatforms) = preSolution
		Debug|Win32 = Debug|Win32
		Release|Win32 = Release|Win32
	EndGlobalSection
	GlobalSection(ProjectConfigurationPlatforms) = postSolution
		{686B5B30-4081-4633-9997-952B82B26A55}.Debug|Win32.ActiveCfg = Debug|Win32
		{686B5B30-4081-4633-9997-952B82B26A55}.Debug|Win32.Build.0 = Debug|Win32
		{686B5B30-4081-4633-9997-952B82B26A55}.Release|Win32.ActiveCfg = Release|Win32
		{686B5B30-4081-4633-9997-952B82B26A55}.Release|Win32.Build.0 = Release|Win32
	EndGlobalSection
	GlobalSection(SolutionProperties) = preSolution
		HideSolutionNode = FALSE
	EndGlobalSection
EndGlobal
